
Microsoft Visual Studio Solution File, Format Version 12.00
# Visual Studio Version 16
VisualStudioVersion = 16.0.30204.135
MinimumVisualStudioVersion = 10.0.40219.1
Project("{9A19103F-16F7-4668-BE54-9A1E7A4F7556}") = "ClimbingShoebox", "ClimbingShoebox.csproj", "{6B9017CC-6822-4FD5-B8D4-68CE579150D9}"
EndProject
Global
	GlobalSection(SolutionConfigurationPlatforms) = preSolution
		Debug|Any CPU = Debug|Any CPU
		Release|Any CPU = Release|Any CPU
	EndGlobalSection
	GlobalSection(ProjectConfigurationPlatforms) = postSolution
		{6B9017CC-6822-4FD5-B8D4-68CE579150D9}.Debug|Any CPU.ActiveCfg = Debug|Any CPU
		{6B9017CC-6822-4FD5-B8D4-68CE579150D9}.Debug|Any CPU.Build.0 = Debug|Any CPU
		{6B9017CC-6822-4FD5-B8D4-68CE579150D9}.Release|Any CPU.ActiveCfg = Release|Any CPU
		{6B9017CC-6822-4FD5-B8D4-68CE579150D9}.Release|Any CPU.Build.0 = Release|Any CPU
	EndGlobalSection
	GlobalSection(SolutionProperties) = preSolution
		HideSolutionNode = FALSE
	EndGlobalSection
	GlobalSection(ExtensibilityGlobals) = postSolution
		SolutionGuid = {9902AE71-976D-4D27-9822-4BC3D5AFC079}
	EndGlobalSection
EndGlobal
